// !$*UTF8*$!
{
	archiveVersion = 1;
	classes = {
	};
	objectVersion = 46;
	objects = {

/* Begin PBXBuildFile section */
		9A0163DB2618BA43AD81AFFF /* Pods_PixelCity.framework in Frameworks */ = {isa = PBXBuildFile; fileRef = 902FA4D817493DEFE3BD27AD /* Pods_PixelCity.framework */; };
		C9C3425F1FD51BD90045018B /* AppDelegate.swift in Sources */ = {isa = PBXBuildFile; fileRef = C9C3425E1FD51BD90045018B /* AppDelegate.swift */; };
		C9C342611FD51BD90045018B /* MapVC.swift in Sources */ = {isa = PBXBuildFile; fileRef = C9C342601FD51BD90045018B /* MapVC.swift */; };
		C9C342641FD51BD90045018B /* Main.storyboard in Resources */ = {isa = PBXBuildFile; fileRef = C9C342621FD51BD90045018B /* Main.storyboard */; };
		C9C342661FD51BDA0045018B /* Assets.xcassets in Resources */ = {isa = PBXBuildFile; fileRef = C9C342651FD51BDA0045018B /* Assets.xcassets */; };
		C9C342691FD51BDA0045018B /* LaunchScreen.storyboard in Resources */ = {isa = PBXBuildFile; fileRef = C9C342671FD51BDA0045018B /* LaunchScreen.storyboard */; };
		C9C342741FD529510045018B /* DroppablePin.swift in Sources */ = {isa = PBXBuildFile; fileRef = C9C342731FD529510045018B /* DroppablePin.swift */; };
		C9C342761FD544710045018B /* PhotoCell.swift in Sources */ = {isa = PBXBuildFile; fileRef = C9C342751FD544710045018B /* PhotoCell.swift */; };
		C9C342781FD54FAD0045018B /* Constants.swift in Sources */ = {isa = PBXBuildFile; fileRef = C9C342771FD54FAD0045018B /* Constants.swift */; };
		C9C3427A1FD63DA40045018B /* PopVC.swift in Sources */ = {isa = PBXBuildFile; fileRef = C9C342791FD63DA40045018B /* PopVC.swift */; };
/* End PBXBuildFile section */

/* Begin PBXFileReference section */
		66664303212D1044810BD48A /* Pods-PixelCity.debug.xcconfig */ = {isa = PBXFileReference; includeInIndex = 1; lastKnownFileType = text.xcconfig; name = "Pods-PixelCity.debug.xcconfig"; path = "Pods/Target Support Files/Pods-PixelCity/Pods-PixelCity.debug.xcconfig"; sourceTree = "<group>"; };
		902FA4D817493DEFE3BD27AD /* Pods_PixelCity.framework */ = {isa = PBXFileReference; explicitFileType = wrapper.framework; includeInIndex = 0; path = Pods_PixelCity.framework; sourceTree = BUILT_PRODUCTS_DIR; };
		989B72F676C8A767ADB4B815 /* Pods-PixelCity.release.xcconfig */ = {isa = PBXFileReference; includeInIndex = 1; lastKnownFileType = text.xcconfig; name = "Pods-PixelCity.release.xcconfig"; path = "Pods/Target Support Files/Pods-PixelCity/Pods-PixelCity.release.xcconfig"; sourceTree = "<group>"; };
		C9C3425B1FD51BD90045018B /* PixelCity.app */ = {isa = PBXFileReference; explicitFileType = wrapper.application; includeInIndex = 0; path = PixelCity.app; sourceTree = BUILT_PRODUCTS_DIR; };
		C9C3425E1FD51BD90045018B /* AppDelegate.swift */ = {isa = PBXFileReference; lastKnownFileType = sourcecode.swift; path = AppDelegate.swift; sourceTree = "<group>"; };
		C9C342601FD51BD90045018B /* MapVC.swift */ = {isa = PBXFileReference; lastKnownFileType = sourcecode.swift; path = MapVC.swift; sourceTree = "<group>"; };
		C9C342631FD51BD90045018B /* Base */ = {isa = PBXFileReference; lastKnownFileType = file.storyboard; name = Base; path = Base.lproj/Main.storyboard; sourceTree = "<group>"; };
		C9C342651FD51BDA0045018B /* Assets.xcassets */ = {isa = PBXFileReference; lastKnownFileType = folder.assetcatalog; path = Assets.xcassets; sourceTree = "<group>"; };
		C9C342681FD51BDA0045018B /* Base */ = {isa = PBXFileReference; lastKnownFileType = file.storyboard; name = Base; path = Base.lproj/LaunchScreen.storyboard; sourceTree = "<group>"; };
		C9C3426A1FD51BDA0045018B /* Info.plist */ = {isa = PBXFileReference; lastKnownFileType = text.plist.xml; path = Info.plist; sourceTree = "<group>"; };
		C9C342731FD529510045018B /* DroppablePin.swift */ = {isa = PBXFileReference; fileEncoding = 4; lastKnownFileType = sourcecode.swift; path = DroppablePin.swift; sourceTree = "<group>"; };
		C9C342751FD544710045018B /* PhotoCell.swift */ = {isa = PBXFileReference; fileEncoding = 4; lastKnownFileType = sourcecode.swift; path = PhotoCell.swift; sourceTree = "<group>"; };
		C9C342771FD54FAD0045018B /* Constants.swift */ = {isa = PBXFileReference; fileEncoding = 4; lastKnownFileType = sourcecode.swift; path = Constants.swift; sourceTree = "<group>"; };
		C9C342791FD63DA40045018B /* PopVC.swift */ = {isa = PBXFileReference; fileEncoding = 4; lastKnownFileType = sourcecode.swift; path = PopVC.swift; sourceTree = "<group>"; };
/* End PBXFileReference section */

/* Begin PBXFrameworksBuildPhase section */
		C9C342581FD51BD90045018B /* Frameworks */ = {
			isa = PBXFrameworksBuildPhase;
			buildActionMask = 2147483647;
			files = (
				9A0163DB2618BA43AD81AFFF /* Pods_PixelCity.framework in Frameworks */,
			);
			runOnlyForDeploymentPostprocessing = 0;
		};
/* End PBXFrameworksBuildPhase section */

/* Begin PBXGroup section */
		5838160F01C6D65028E5F2AD /* Frameworks */ = {
			isa = PBXGroup;
			children = (
				902FA4D817493DEFE3BD27AD /* Pods_PixelCity.framework */,
			);
			name = Frameworks;
			sourceTree = "<group>";
		};
		8D24F50A498D1008E0F92AA6 /* Pods */ = {
			isa = PBXGroup;
			children = (
				66664303212D1044810BD48A /* Pods-PixelCity.debug.xcconfig */,
				989B72F676C8A767ADB4B815 /* Pods-PixelCity.release.xcconfig */,
			);
			name = Pods;
			sourceTree = "<group>";
		};
		C9C342521FD51BD90045018B = {
			isa = PBXGroup;
			children = (
				C9C3425D1FD51BD90045018B /* PixelCity */,
				C9C3425C1FD51BD90045018B /* Products */,
				8D24F50A498D1008E0F92AA6 /* Pods */,
				5838160F01C6D65028E5F2AD /* Frameworks */,
			);
			sourceTree = "<group>";
		};
		C9C3425C1FD51BD90045018B /* Products */ = {
			isa = PBXGroup;
			children = (
				C9C3425B1FD51BD90045018B /* PixelCity.app */,
			);
			name = Products;
			sourceTree = "<group>";
		};
		C9C3425D1FD51BD90045018B /* PixelCity */ = {
			isa = PBXGroup;
			children = (
				C9C342721FD51DD20045018B /* Utilities */,
				C9C342711FD51DC80045018B /* View */,
				C9C342701FD51DC20045018B /* Controller */,
				C9C3425E1FD51BD90045018B /* AppDelegate.swift */,
				C9C342621FD51BD90045018B /* Main.storyboard */,
				C9C342651FD51BDA0045018B /* Assets.xcassets */,
				C9C342671FD51BDA0045018B /* LaunchScreen.storyboard */,
				C9C3426A1FD51BDA0045018B /* Info.plist */,
			);
			path = PixelCity;
			sourceTree = "<group>";
		};
		C9C342701FD51DC20045018B /* Controller */ = {
			isa = PBXGroup;
			children = (
				C9C342601FD51BD90045018B /* MapVC.swift */,
				C9C342791FD63DA40045018B /* PopVC.swift */,
			);
			name = Controller;
			sourceTree = "<group>";
		};
		C9C342711FD51DC80045018B /* View */ = {
			isa = PBXGroup;
			children = (
				C9C342731FD529510045018B /* DroppablePin.swift */,
				C9C342751FD544710045018B /* PhotoCell.swift */,
			);
			name = View;
			sourceTree = "<group>";
		};
		C9C342721FD51DD20045018B /* Utilities */ = {
			isa = PBXGroup;
			children = (
				C9C342771FD54FAD0045018B /* Constants.swift */,
			);
			name = Utilities;
			sourceTree = "<group>";
		};
/* End PBXGroup section */

/* Begin PBXNativeTarget section */
		C9C3425A1FD51BD90045018B /* PixelCity */ = {
			isa = PBXNativeTarget;
			buildConfigurationList = C9C3426D1FD51BDA0045018B /* Build configuration list for PBXNativeTarget "PixelCity" */;
			buildPhases = (
				3B210A654D9AA48B180D2587 /* [CP] Check Pods Manifest.lock */,
				C9C342571FD51BD90045018B /* Sources */,
				C9C342581FD51BD90045018B /* Frameworks */,
				C9C342591FD51BD90045018B /* Resources */,
				9C6E696B113549EF5FF45D20 /* [CP] Embed Pods Frameworks */,
				F0F6946954307AAEF3881CF0 /* [CP] Copy Pods Resources */,
			);
			buildRules = (
			);
			dependencies = (
			);
			name = PixelCity;
			productName = PixelCity;
			productReference = C9C3425B1FD51BD90045018B /* PixelCity.app */;
			productType = "com.apple.product-type.application";
		};
/* End PBXNativeTarget section */

/* Begin PBXProject section */
		C9C342531FD51BD90045018B /* Project object */ = {
			isa = PBXProject;
			attributes = {
				LastSwiftUpdateCheck = 0830;
				LastUpgradeCheck = 0830;
				ORGANIZATIONNAME = Alex;
				TargetAttributes = {
					C9C3425A1FD51BD90045018B = {
						CreatedOnToolsVersion = 8.3.3;
						DevelopmentTeam = TM2JLP7R7H;
						ProvisioningStyle = Automatic;
					};
				};
			};
			buildConfigurationList = C9C342561FD51BD90045018B /* Build configuration list for PBXProject "PixelCity" */;
			compatibilityVersion = "Xcode 3.2";
			developmentRegion = English;
			hasScannedForEncodings = 0;
			knownRegions = (
				en,
				Base,
			);
			mainGroup = C9C342521FD51BD90045018B;
			productRefGroup = C9C3425C1FD51BD90045018B /* Products */;
			projectDirPath = "";
			projectRoot = "";
			targets = (
				C9C3425A1FD51BD90045018B /* PixelCity */,
			);
		};
/* End PBXProject section */

/* Begin PBXResourcesBuildPhase section */
		C9C342591FD51BD90045018B /* Resources */ = {
			isa = PBXResourcesBuildPhase;
			buildActionMask = 2147483647;
			files = (
				C9C342691FD51BDA0045018B /* LaunchScreen.storyboard in Resources */,
				C9C342661FD51BDA0045018B /* Assets.xcassets in Resources */,
				C9C342641FD51BD90045018B /* Main.storyboard in Resources */,
			);
			runOnlyForDeploymentPostprocessing = 0;
		};
/* End PBXResourcesBuildPhase section */

/* Begin PBXShellScriptBuildPhase section */
		3B210A654D9AA48B180D2587 /* [CP] Check Pods Manifest.lock */ = {
			isa = PBXShellScriptBuildPhase;
			buildActionMask = 2147483647;
			files = (
			);
			inputPaths = (
				"${PODS_PODFILE_DIR_PATH}/Podfile.lock",
				"${PODS_ROOT}/Manifest.lock",
			);
			name = "[CP] Check Pods Manifest.lock";
			outputPaths = (
				"$(DERIVED_FILE_DIR)/Pods-PixelCity-checkManifestLockResult.txt",
			);
			runOnlyForDeploymentPostprocessing = 0;
			shellPath = /bin/sh;
			shellScript = "diff \"${PODS_PODFILE_DIR_PATH}/Podfile.lock\" \"${PODS_ROOT}/Manifest.lock\" > /dev/null\nif [ $? != 0 ] ; then\n    # print error to STDERR\n    echo \"error: The sandbox is not in sync with the Podfile.lock. Run 'pod install' or update your CocoaPods installation.\" >&2\n    exit 1\nfi\n# This output is used by Xcode 'outputs' to avoid re-running this script phase.\necho \"SUCCESS\" > \"${SCRIPT_OUTPUT_FILE_0}\"\n";
			showEnvVarsInLog = 0;
		};
		9C6E696B113549EF5FF45D20 /* [CP] Embed Pods Frameworks */ = {
			isa = PBXShellScriptBuildPhase;
			buildActionMask = 2147483647;
			files = (
			);
			inputPaths = (
				"${SRCROOT}/Pods/Target Support Files/Pods-PixelCity/Pods-PixelCity-frameworks.sh",
				"${BUILT_PRODUCTS_DIR}/Alamofire/Alamofire.framework",
				"${BUILT_PRODUCTS_DIR}/AlamofireImage/AlamofireImage.framework",
			);
			name = "[CP] Embed Pods Frameworks";
			outputPaths = (
				"${TARGET_BUILD_DIR}/${FRAMEWORKS_FOLDER_PATH}/Alamofire.framework",
				"${TARGET_BUILD_DIR}/${FRAMEWORKS_FOLDER_PATH}/AlamofireImage.framework",
			);
			runOnlyForDeploymentPostprocessing = 0;
			shellPath = /bin/sh;
			shellScript = "\"${SRCROOT}/Pods/Target Support Files/Pods-PixelCity/Pods-PixelCity-frameworks.sh\"\n";
			showEnvVarsInLog = 0;
		};
		F0F6946954307AAEF3881CF0 /* [CP] Copy Pods Resources */ = {
			isa = PBXShellScriptBuildPhase;
			buildActionMask = 2147483647;
			files = (
			);
			inputPaths = (
			);
			name = "[CP] Copy Pods Resources";
			outputPaths = (
			);
			runOnlyForDeploymentPostprocessing = 0;
			shellPath = /bin/sh;
			shellScript = "\"${SRCROOT}/Pods/Target Support Files/Pods-PixelCity/Pods-PixelCity-resources.sh\"\n";
			showEnvVarsInLog = 0;
		};
/* End PBXShellScriptBuildPhase section */

/* Begin PBXSourcesBuildPhase section */
		C9C342571FD51BD90045018B /* Sources */ = {
			isa = PBXSourcesBuildPhase;
			buildActionMask = 2147483647;
			files = (
				C9C3427A1FD63DA40045018B /* PopVC.swift in Sources */,
				C9C342781FD54FAD0045018B /* Constants.swift in Sources */,
				C9C342761FD544710045018B /* PhotoCell.swift in Sources */,
				C9C342611FD51BD90045018B /* MapVC.swift in Sources */,
				C9C342741FD529510045018B /* DroppablePin.swift in Sources */,
				C9C3425F1FD51BD90045018B /* AppDelegate.swift in Sources */,
			);
			runOnlyForDeploymentPostprocessing = 0;
		};
/* End PBXSourcesBuildPhase section */

/* Begin PBXVariantGroup section */
		C9C342621FD51BD90045018B /* Main.storyboard */ = {
			isa = PBXVariantGroup;
			children = (
				C9C342631FD51BD90045018B /* Base */,
			);
			name = Main.storyboard;
			sourceTree = "<group>";
		};
		C9C342671FD51BDA0045018B /* LaunchScreen.storyboard */ = {
			isa = PBXVariantGroup;
			children = (
				C9C342681FD51BDA0045018B /* Base */,
			);
			name = LaunchScreen.storyboard;
			sourceTree = "<group>";
		};
/* End PBXVariantGroup section */

/* Begin XCBuildConfiguration section */
		C9C3426B1FD51BDA0045018B /* Debug */ = {
			isa = XCBuildConfiguration;
			buildSettings = {
				ALWAYS_SEARCH_USER_PATHS = NO;
				CLANG_ANALYZER_NONNULL = YES;
				CLANG_ANALYZER_NUMBER_OBJECT_CONVERSION = YES_AGGRESSIVE;
				CLANG_CXX_LANGUAGE_STANDARD = "gnu++0x";
				CLANG_CXX_LIBRARY = "libc++";
				CLANG_ENABLE_MODULES = YES;
				CLANG_ENABLE_OBJC_ARC = YES;
				CLANG_WARN_BOOL_CONVERSION = YES;
				CLANG_WARN_CONSTANT_CONVERSION = YES;
				CLANG_WARN_DIRECT_OBJC_ISA_USAGE = YES_ERROR;
				CLANG_WARN_DOCUMENTATION_COMMENTS = YES;
				CLANG_WARN_EMPTY_BODY = YES;
				CLANG_WARN_ENUM_CONVERSION = YES;
				CLANG_WARN_INFINITE_RECURSION = YES;
				CLANG_WARN_INT_CONVERSION = YES;
				CLANG_WARN_OBJC_ROOT_CLASS = YES_ERROR;
				CLANG_WARN_SUSPICIOUS_MOVE = YES;
				CLANG_WARN_UNREACHABLE_CODE = YES;
				CLANG_WARN__DUPLICATE_METHOD_MATCH = YES;
				"CODE_SIGN_IDENTITY[sdk=iphoneos*]" = "iPhone Developer";
				COPY_PHASE_STRIP = NO;
				DEBUG_INFORMATION_FORMAT = dwarf;
				ENABLE_STRICT_OBJC_MSGSEND = YES;
				ENABLE_TESTABILITY = YES;
				GCC_C_LANGUAGE_STANDARD = gnu99;
				GCC_DYNAMIC_NO_PIC = NO;
				GCC_NO_COMMON_BLOCKS = YES;
				GCC_OPTIMIZATION_LEVEL = 0;
				GCC_PREPROCESSOR_DEFINITIONS = (
					"DEBUG=1",
					"$(inherited)",
				);
				GCC_WARN_64_TO_32_BIT_CONVERSION = YES;
				GCC_WARN_ABOUT_RETURN_TYPE = YES_ERROR;
				GCC_WARN_UNDECLARED_SELECTOR = YES;
				GCC_WARN_UNINITIALIZED_AUTOS = YES_AGGRESSIVE;
				GCC_WARN_UNUSED_FUNCTION = YES;
				GCC_WARN_UNUSED_VARIABLE = YES;
				IPHONEOS_DEPLOYMENT_TARGET = 10.3;
				MTL_ENABLE_DEBUG_INFO = YES;
				ONLY_ACTIVE_ARCH = YES;
				SDKROOT = iphoneos;
				SWIFT_ACTIVE_COMPILATION_CONDITIONS = DEBUG;
				SWIFT_OPTIMIZATION_LEVEL = "-Onone";
				TARGETED_DEVICE_FAMILY = "1,2";
			};
			name = Debug;
		};
		C9C3426C1FD51BDA0045018B /* Release */ = {
			isa = XCBuildConfiguration;
			buildSettings = {
				ALWAYS_SEARCH_USER_PATHS = NO;
				CLANG_ANALYZER_NONNULL = YES;
				CLANG_ANALYZER_NUMBER_OBJECT_CONVERSION = YES_AGGRESSIVE;
				CLANG_CXX_LANGUAGE_STANDARD = "gnu++0x";
				CLANG_CXX_LIBRARY = "libc++";
				CLANG_ENABLE_MODULES = YES;
				CLANG_ENABLE_OBJC_ARC = YES;
				CLANG_WARN_BOOL_CONVERSION = YES;
				CLANG_WARN_CONSTANT_CONVERSION = YES;
				CLANG_WARN_DIRECT_OBJC_ISA_USAGE = YES_ERROR;
				CLANG_WARN_DOCUMENTATION_COMMENTS = YES;
				CLANG_WARN_EMPTY_BODY = YES;
				CLANG_WARN_ENUM_CONVERSION = YES;
				CLANG_WARN_INFINITE_RECURSION = YES;
				CLANG_WARN_INT_CONVERSION = YES;
				CLANG_WARN_OBJC_ROOT_CLASS = YES_ERROR;
				CLANG_WARN_SUSPICIOUS_MOVE = YES;
				CLANG_WARN_UNREACHABLE_CODE = YES;
				CLANG_WARN__DUPLICATE_METHOD_MATCH = YES;
				"CODE_SIGN_IDENTITY[sdk=iphoneos*]" = "iPhone Developer";
				COPY_PHASE_STRIP = NO;
				DEBUG_INFORMATION_FORMAT = "dwarf-with-dsym";
				ENABLE_NS_ASSERTIONS = NO;
				ENABLE_STRICT_OBJC_MSGSEND = YES;
				GCC_C_LANGUAGE_STANDARD = gnu99;
				GCC_NO_COMMON_BLOCKS = YES;
				GCC_WARN_64_TO_32_BIT_CONVERSION = YES;
				GCC_WARN_ABOUT_RETURN_TYPE = YES_ERROR;
				GCC_WARN_UNDECLARED_SELECTOR = YES;
				GCC_WARN_UNINITIALIZED_AUTOS = YES_AGGRESSIVE;
				GCC_WARN_UNUSED_FUNCTION = YES;
				GCC_WARN_UNUSED_VARIABLE = YES;
				IPHONEOS_DEPLOYMENT_TARGET = 10.3;
				MTL_ENABLE_DEBUG_INFO = NO;
				SDKROOT = iphoneos;
				SWIFT_OPTIMIZATION_LEVEL = "-Owholemodule";
				TARGETED_DEVICE_FAMILY = "1,2";
				VALIDATE_PRODUCT = YES;
			};
			name = Release;
		};
		C9C3426E1FD51BDA0045018B /* Debug */ = {
			isa = XCBuildConfiguration;
			baseConfigurationReference = 66664303212D1044810BD48A /* Pods-PixelCity.debug.xcconfig */;
			buildSettings = {
				ASSETCATALOG_COMPILER_APPICON_NAME = AppIcon;
				DEVELOPMENT_TEAM = TM2JLP7R7H;
				INFOPLIST_FILE = PixelCity/Info.plist;
				LD_RUNPATH_SEARCH_PATHS = "$(inherited) @executable_path/Frameworks";
				PRODUCT_BUNDLE_IDENTIFIER = tw.perfect.PixelCity;
				PRODUCT_NAME = "$(TARGET_NAME)";
				SWIFT_VERSION = 3.0;
			};
			name = Debug;
		};
		C9C3426F1FD51BDA0045018B /* Release */ = {
			isa = XCBuildConfiguration;
			baseConfigurationReference = 989B72F676C8A767ADB4B815 /* Pods-PixelCity.release.xcconfig */;
			buildSettings = {
				ASSETCATALOG_COMPILER_APPICON_NAME = AppIcon;
				DEVELOPMENT_TEAM = TM2JLP7R7H;
				INFOPLIST_FILE = PixelCity/Info.plist;
				LD_RUNPATH_SEARCH_PATHS = "$(inherited) @executable_path/Frameworks";
				PRODUCT_BUNDLE_IDENTIFIER = tw.perfect.PixelCity;
				PRODUCT_NAME = "$(TARGET_NAME)";
				SWIFT_VERSION = 3.0;
			};
			name = Release;
		};
/* End XCBuildConfiguration section */

/* Begin XCConfigurationList section */
		C9C342561FD51BD90045018B /* Build configuration list for PBXProject "PixelCity" */ = {
			isa = XCConfigurationList;
			buildConfigurations = (
				C9C3426B1FD51BDA0045018B /* Debug */,
				C9C3426C1FD51BDA0045018B /* Release */,
			);
			defaultConfigurationIsVisible = 0;
			defaultConfigurationName = Release;
		};
		C9C3426D1FD51BDA0045018B /* Build configuration list for PBXNativeTarget "PixelCity" */ = {
			isa = XCConfigurationList;
			buildConfigurations = (
				C9C3426E1FD51BDA0045018B /* Debug */,
				C9C3426F1FD51BDA0045018B /* Release */,
			);
			defaultConfigurationIsVisible = 0;
			defaultConfigurationName = Release;
		};
/* End XCConfigurationList section */
	};
	rootObject = C9C342531FD51BD90045018B /* Project object */;
}
